
Microsoft Visual Studio Solution File, Format Version 12.00
# Visual Studio Version 17
VisualStudioVersion = 17.13.35931.197 d17.13
MinimumVisualStudioVersion = 10.0.40219.1
Project("{FAE04EC0-301F-11D3-BF4B-00C04F79EFBC}") = "Ejecucion", "Ejecucion\Ejecucion.csproj", "{4E306113-B66A-410F-8338-0C03B77C88C9}"
EndProject
Project("{FAE04EC0-301F-11D3-BF4B-00C04F79EFBC}") = "Clases", "Clases\Clases.csproj", "{9B249171-577C-4B8F-98ED-3A50C5F08456}"
EndProject
Global
	GlobalSection(SolutionConfigurationPlatforms) = preSolution
		Debug|Any CPU = Debug|Any CPU
		Release|Any CPU = Release|Any CPU
	EndGlobalSection
	GlobalSection(ProjectConfigurationPlatforms) = postSolution
		{4E306113-B66A-410F-8338-0C03B77C88C9}.Debug|Any CPU.ActiveCfg = Debug|Any CPU
		{4E306113-B66A-410F-8338-0C03B77C88C9}.Debug|Any CPU.Build.0 = Debug|Any CPU
		{4E306113-B66A-410F-8338-0C03B77C88C9}.Release|Any CPU.ActiveCfg = Release|Any CPU
		{4E306113-B66A-410F-8338-0C03B77C88C9}.Release|Any CPU.Build.0 = Release|Any CPU
		{9B249171-577C-4B8F-98ED-3A50C5F08456}.Debug|Any CPU.ActiveCfg = Debug|Any CPU
		{9B249171-577C-4B8F-98ED-3A50C5F08456}.Debug|Any CPU.Build.0 = Debug|Any CPU
		{9B249171-577C-4B8F-98ED-3A50C5F08456}.Release|Any CPU.ActiveCfg = Release|Any CPU
		{9B249171-577C-4B8F-98ED-3A50C5F08456}.Release|Any CPU.Build.0 = Release|Any CPU
	EndGlobalSection
	GlobalSection(SolutionProperties) = preSolution
		HideSolutionNode = FALSE
	EndGlobalSection
	GlobalSection(ExtensibilityGlobals) = postSolution
		SolutionGuid = {6D4E61E2-3BFA-4320-9F29-1B6C7EF9E257}
	EndGlobalSection
EndGlobal
